
Microsoft Visual Studio Solution File, Format Version 12.00
# Visual Studio Version 17
VisualStudioVersion = 17.6.33829.357
MinimumVisualStudioVersion = 10.0.40219.1
Project("{FAE04EC0-301F-11D3-BF4B-00C04F79EFBC}") = "Mod3_Ex7", "Mod3_Ex7.csproj", "{73BB5BA9-4E60-4364-BCE3-E19BDE831E22}"
EndProject
Global
	GlobalSection(SolutionConfigurationPlatforms) = preSolution
		Debug|Any CPU = Debug|Any CPU
		Release|Any CPU = Release|Any CPU
	EndGlobalSection
	GlobalSection(ProjectConfigurationPlatforms) = postSolution
		{73BB5BA9-4E60-4364-BCE3-E19BDE831E22}.Debug|Any CPU.ActiveCfg = Debug|Any CPU
		{73BB5BA9-4E60-4364-BCE3-E19BDE831E22}.Debug|Any CPU.Build.0 = Debug|Any CPU
		{73BB5BA9-4E60-4364-BCE3-E19BDE831E22}.Release|Any CPU.ActiveCfg = Release|Any CPU
		{73BB5BA9-4E60-4364-BCE3-E19BDE831E22}.Release|Any CPU.Build.0 = Release|Any CPU
	EndGlobalSection
	GlobalSection(SolutionProperties) = preSolution
		HideSolutionNode = FALSE
	EndGlobalSection
	GlobalSection(ExtensibilityGlobals) = postSolution
		SolutionGuid = {CF24A84E-76E9-4513-9940-7AB3B089D05A}
	EndGlobalSection
EndGlobal
